
Microsoft Visual Studio Solution File, Format Version 12.00
# Visual Studio 2012
Project("{FAE04EC0-301F-11D3-BF4B-00C04F79EFBC}") = "utkarsha_api", "utkarsha_api\utkarsha_api.csproj", "{2727EE97-4E87-4D8D-A1E3-61E6895DA210}"
EndProject
Global
	GlobalSection(SolutionConfigurationPlatforms) = preSolution
		Debug|Any CPU = Debug|Any CPU
		Release|Any CPU = Release|Any CPU
	EndGlobalSection
	GlobalSection(ProjectConfigurationPlatforms) = postSolution
		{2727EE97-4E87-4D8D-A1E3-61E6895DA210}.Debug|Any CPU.ActiveCfg = Debug|Any CPU
		{2727EE97-4E87-4D8D-A1E3-61E6895DA210}.Debug|Any CPU.Build.0 = Debug|Any CPU
		{2727EE97-4E87-4D8D-A1E3-61E6895DA210}.Release|Any CPU.ActiveCfg = Release|Any CPU
		{2727EE97-4E87-4D8D-A1E3-61E6895DA210}.Release|Any CPU.Build.0 = Release|Any CPU
	EndGlobalSection
	GlobalSection(SolutionProperties) = preSolution
		HideSolutionNode = FALSE
	EndGlobalSection
EndGlobal
